
Microsoft Visual Studio Solution File, Format Version 12.00
# Visual Studio Version 16
VisualStudioVersion = 16.0.30717.126
MinimumVisualStudioVersion = 10.0.40219.1
Project("{FAE04EC0-301F-11D3-BF4B-00C04F79EFBC}") = "Spreadsheet Analysis", "Spreadsheet Analysis\Spreadsheet Analysis.csproj", "{C7F8C201-4DA5-4B87-A6D0-E5F02C480095}"
EndProject
Global
	GlobalSection(SolutionConfigurationPlatforms) = preSolution
		Debug|Any CPU = Debug|Any CPU
		Release|Any CPU = Release|Any CPU
	EndGlobalSection
	GlobalSection(ProjectConfigurationPlatforms) = postSolution
		{C7F8C201-4DA5-4B87-A6D0-E5F02C480095}.Debug|Any CPU.ActiveCfg = Debug|Any CPU
		{C7F8C201-4DA5-4B87-A6D0-E5F02C480095}.Debug|Any CPU.Build.0 = Debug|Any CPU
		{C7F8C201-4DA5-4B87-A6D0-E5F02C480095}.Release|Any CPU.ActiveCfg = Release|Any CPU
		{C7F8C201-4DA5-4B87-A6D0-E5F02C480095}.Release|Any CPU.Build.0 = Release|Any CPU
	EndGlobalSection
	GlobalSection(SolutionProperties) = preSolution
		HideSolutionNode = FALSE
	EndGlobalSection
	GlobalSection(ExtensibilityGlobals) = postSolution
		SolutionGuid = {4B71E30B-F365-4A0C-A143-225736B904AD}
	EndGlobalSection
EndGlobal
